
Microsoft Visual Studio Solution File, Format Version 12.00
# Visual Studio Version 17
VisualStudioVersion = 17.7.34031.279
MinimumVisualStudioVersion = 10.0.40219.1
Project("{888888A0-9F3D-457C-B088-3A5042F75D52}") = "PDFtoPrinterWatchdog", "PDFtoPrinterWatchdog.pyproj", "{D62AF7BA-5BC3-45B0-8B22-1DFA2CCCF289}"
EndProject
Global
	GlobalSection(SolutionConfigurationPlatforms) = preSolution
		Debug|Any CPU = Debug|Any CPU
		Release|Any CPU = Release|Any CPU
	EndGlobalSection
	GlobalSection(ProjectConfigurationPlatforms) = postSolution
		{D62AF7BA-5BC3-45B0-8B22-1DFA2CCCF289}.Debug|Any CPU.ActiveCfg = Debug|Any CPU
		{D62AF7BA-5BC3-45B0-8B22-1DFA2CCCF289}.Release|Any CPU.ActiveCfg = Release|Any CPU
	EndGlobalSection
	GlobalSection(SolutionProperties) = preSolution
		HideSolutionNode = FALSE
	EndGlobalSection
	GlobalSection(ExtensibilityGlobals) = postSolution
		SolutionGuid = {712C2508-146C-4369-B890-D8826A2AFFC4}
	EndGlobalSection
EndGlobal
